
Microsoft Visual Studio Solution File, Format Version 12.00
# Visual Studio Version 17
VisualStudioVersion = 17.2.32630.192
MinimumVisualStudioVersion = 10.0.40219.1
Project("{FAE04EC0-301F-11D3-BF4B-00C04F79EFBC}") = "buscar en csv", "buscar en csv\buscar en csv.csproj", "{41659C9A-BEBC-4054-8E0F-DAEFD268A51C}"
EndProject
Global
	GlobalSection(SolutionConfigurationPlatforms) = preSolution
		Debug|Any CPU = Debug|Any CPU
		Release|Any CPU = Release|Any CPU
	EndGlobalSection
	GlobalSection(ProjectConfigurationPlatforms) = postSolution
		{41659C9A-BEBC-4054-8E0F-DAEFD268A51C}.Debug|Any CPU.ActiveCfg = Debug|Any CPU
		{41659C9A-BEBC-4054-8E0F-DAEFD268A51C}.Debug|Any CPU.Build.0 = Debug|Any CPU
		{41659C9A-BEBC-4054-8E0F-DAEFD268A51C}.Release|Any CPU.ActiveCfg = Release|Any CPU
		{41659C9A-BEBC-4054-8E0F-DAEFD268A51C}.Release|Any CPU.Build.0 = Release|Any CPU
	EndGlobalSection
	GlobalSection(SolutionProperties) = preSolution
		HideSolutionNode = FALSE
	EndGlobalSection
	GlobalSection(ExtensibilityGlobals) = postSolution
		SolutionGuid = {C9077AD9-5F74-422A-9316-DDCF6A365F57}
	EndGlobalSection
EndGlobal
